
Microsoft Visual Studio Solution File, Format Version 12.00
# Visual Studio Version 16
VisualStudioVersion = 16.0.30804.86
MinimumVisualStudioVersion = 10.0.40219.1
Project("{FAE04EC0-301F-11D3-BF4B-00C04F79EFBC}") = "IPLogger", "IPLogger\IPLogger.csproj", "{026F1BC2-1735-43F6-BE7D-C71D7B030396}"
EndProject
Global
	GlobalSection(SolutionConfigurationPlatforms) = preSolution
		Debug|Any CPU = Debug|Any CPU
		Release|Any CPU = Release|Any CPU
	EndGlobalSection
	GlobalSection(ProjectConfigurationPlatforms) = postSolution
		{026F1BC2-1735-43F6-BE7D-C71D7B030396}.Debug|Any CPU.ActiveCfg = Debug|Any CPU
		{026F1BC2-1735-43F6-BE7D-C71D7B030396}.Debug|Any CPU.Build.0 = Debug|Any CPU
		{026F1BC2-1735-43F6-BE7D-C71D7B030396}.Release|Any CPU.ActiveCfg = Release|Any CPU
		{026F1BC2-1735-43F6-BE7D-C71D7B030396}.Release|Any CPU.Build.0 = Release|Any CPU
	EndGlobalSection
	GlobalSection(SolutionProperties) = preSolution
		HideSolutionNode = FALSE
	EndGlobalSection
	GlobalSection(ExtensibilityGlobals) = postSolution
		SolutionGuid = {C231F650-B0A1-417C-9FB7-471B6135A489}
	EndGlobalSection
EndGlobal
